
Microsoft Visual Studio Solution File, Format Version 12.00
# Visual Studio Version 17
VisualStudioVersion = 17.0.31903.59
MinimumVisualStudioVersion = 10.0.40219.1
Project("{FAE04EC0-301F-11D3-BF4B-00C04F79EFBC}") = "BasicAuthentication .NET 6.0", "BasicAuthentication .NET 6.0\BasicAuthentication .NET 6.0.csproj", "{AE1B334B-D3BB-4391-BDF8-0D114BE5E3CB}"
EndProject
Global
	GlobalSection(SolutionConfigurationPlatforms) = preSolution
		Debug|Any CPU = Debug|Any CPU
		Release|Any CPU = Release|Any CPU
	EndGlobalSection
	GlobalSection(ProjectConfigurationPlatforms) = postSolution
		{AE1B334B-D3BB-4391-BDF8-0D114BE5E3CB}.Debug|Any CPU.ActiveCfg = Debug|Any CPU
		{AE1B334B-D3BB-4391-BDF8-0D114BE5E3CB}.Debug|Any CPU.Build.0 = Debug|Any CPU
		{AE1B334B-D3BB-4391-BDF8-0D114BE5E3CB}.Release|Any CPU.ActiveCfg = Release|Any CPU
		{AE1B334B-D3BB-4391-BDF8-0D114BE5E3CB}.Release|Any CPU.Build.0 = Release|Any CPU
	EndGlobalSection
	GlobalSection(SolutionProperties) = preSolution
		HideSolutionNode = FALSE
	EndGlobalSection
	GlobalSection(ExtensibilityGlobals) = postSolution
		SolutionGuid = {421490A8-B250-4173-9FB4-6B03FACF6953}
	EndGlobalSection
EndGlobal
